
Microsoft Visual Studio Solution File, Format Version 12.00
# Visual Studio Version 17
VisualStudioVersion = 17.1.32328.378
MinimumVisualStudioVersion = 10.0.40219.1
Project("{2150E333-8FDC-42A3-9474-1A3956D46DE8}") = "2.Services", "2.Services", "{60363FAF-D926-479A-A1FD-B3AB2F4F3A05}"
EndProject
Project("{2150E333-8FDC-42A3-9474-1A3956D46DE8}") = "4.Common", "4.Common", "{FF1512FC-E631-44E0-8DD0-96076A8654D6}"
EndProject
Project("{2150E333-8FDC-42A3-9474-1A3956D46DE8}") = "1.Client", "1.Client", "{EBC964FC-49CB-490F-B7EE-86BD79D43EA9}"
EndProject
Project("{2150E333-8FDC-42A3-9474-1A3956D46DE8}") = "5.Data", "5.Data", "{06567AC9-7551-4947-9CBB-EEA018DACBDA}"
EndProject
Project("{2150E333-8FDC-42A3-9474-1A3956D46DE8}") = "3.Entity", "3.Entity", "{C9FFA6A0-CDD0-412A-B996-B9A88BCEB290}"
EndProject
Project("{FAE04EC0-301F-11D3-BF4B-00C04F79EFBC}") = "Suretom.Client.Entity", "Suretom.Client.Model\Suretom.Client.Entity.csproj", "{A8060224-A212-4E86-99F0-5DECF5471009}"
EndProject
Project("{FAE04EC0-301F-11D3-BF4B-00C04F79EFBC}") = "Suretom.Client.Common", "Suretom.Client.Common\Suretom.Client.Common.csproj", "{A8900C57-D5BD-480F-9EFB-7F0708CC8CCD}"
EndProject
Project("{FAE04EC0-301F-11D3-BF4B-00C04F79EFBC}") = "Suretom.Client.UI", "Suretom.Client.UI\Suretom.Client.UI.csproj", "{FB88520B-BF56-420E-B12B-2081B39BAE50}"
EndProject
Project("{FAE04EC0-301F-11D3-BF4B-00C04F79EFBC}") = "Suretom.Client.IService", "Suretom.Client.IService\Suretom.Client.IService.csproj", "{89FEFE19-EDC2-4976-A6C0-504A045C0B0F}"
EndProject
Project("{FAE04EC0-301F-11D3-BF4B-00C04F79EFBC}") = "Suretom.Client.Service", "Suretom.Client.Service\Suretom.Client.Service.csproj", "{F56845C5-7C2B-489C-96F9-0EEAC1C99C30}"
EndProject
Project("{FAE04EC0-301F-11D3-BF4B-00C04F79EFBC}") = "Suretom.Client.Data", "Suretom.Client.Data\Suretom.Client.Data.csproj", "{790882CB-4A02-44CB-8E22-A6B338E2EED1}"
EndProject
Global
	GlobalSection(SolutionConfigurationPlatforms) = preSolution
		Debug|Any CPU = Debug|Any CPU
		Debug|ARM = Debug|ARM
		Debug|ARM64 = Debug|ARM64
		Debug|x64 = Debug|x64
		Debug|x86 = Debug|x86
		Release|Any CPU = Release|Any CPU
		Release|ARM = Release|ARM
		Release|ARM64 = Release|ARM64
		Release|x64 = Release|x64
		Release|x86 = Release|x86
	EndGlobalSection
	GlobalSection(ProjectConfigurationPlatforms) = postSolution
		{A8060224-A212-4E86-99F0-5DECF5471009}.Debug|Any CPU.ActiveCfg = Debug|Any CPU
		{A8060224-A212-4E86-99F0-5DECF5471009}.Debug|Any CPU.Build.0 = Debug|Any CPU
		{A8060224-A212-4E86-99F0-5DECF5471009}.Debug|ARM.ActiveCfg = Debug|Any CPU
		{A8060224-A212-4E86-99F0-5DECF5471009}.Debug|ARM.Build.0 = Debug|Any CPU
		{A8060224-A212-4E86-99F0-5DECF5471009}.Debug|ARM64.ActiveCfg = Debug|Any CPU
		{A8060224-A212-4E86-99F0-5DECF5471009}.Debug|ARM64.Build.0 = Debug|Any CPU
		{A8060224-A212-4E86-99F0-5DECF5471009}.Debug|x64.ActiveCfg = Debug|Any CPU
		{A8060224-A212-4E86-99F0-5DECF5471009}.Debug|x64.Build.0 = Debug|Any CPU
		{A8060224-A212-4E86-99F0-5DECF5471009}.Debug|x86.ActiveCfg = Debug|Any CPU
		{A8060224-A212-4E86-99F0-5DECF5471009}.Debug|x86.Build.0 = Debug|Any CPU
		{A8060224-A212-4E86-99F0-5DECF5471009}.Release|Any CPU.ActiveCfg = Release|Any CPU
		{A8060224-A212-4E86-99F0-5DECF5471009}.Release|Any CPU.Build.0 = Release|Any CPU
		{A8060224-A212-4E86-99F0-5DECF5471009}.Release|ARM.ActiveCfg = Release|Any CPU
		{A8060224-A212-4E86-99F0-5DECF5471009}.Release|ARM.Build.0 = Release|Any CPU
		{A8060224-A212-4E86-99F0-5DECF5471009}.Release|ARM64.ActiveCfg = Release|Any CPU
		{A8060224-A212-4E86-99F0-5DECF5471009}.Release|ARM64.Build.0 = Release|Any CPU
		{A8060224-A212-4E86-99F0-5DECF5471009}.Release|x64.ActiveCfg = Release|Any CPU
		{A8060224-A212-4E86-99F0-5DECF5471009}.Release|x64.Build.0 = Release|Any CPU
		{A8060224-A212-4E86-99F0-5DECF5471009}.Release|x86.ActiveCfg = Release|Any CPU
		{A8060224-A212-4E86-99F0-5DECF5471009}.Release|x86.Build.0 = Release|Any CPU
		{A8900C57-D5BD-480F-9EFB-7F0708CC8CCD}.Debug|Any CPU.ActiveCfg = Debug|Any CPU
		{A8900C57-D5BD-480F-9EFB-7F0708CC8CCD}.Debug|Any CPU.Build.0 = Debug|Any CPU
		{A8900C57-D5BD-480F-9EFB-7F0708CC8CCD}.Debug|ARM.ActiveCfg = Debug|Any CPU
		{A8900C57-D5BD-480F-9EFB-7F0708CC8CCD}.Debug|ARM.Build.0 = Debug|Any CPU
		{A8900C57-D5BD-480F-9EFB-7F0708CC8CCD}.Debug|ARM64.ActiveCfg = Debug|Any CPU
		{A8900C57-D5BD-480F-9EFB-7F0708CC8CCD}.Debug|ARM64.Build.0 = Debug|Any CPU
		{A8900C57-D5BD-480F-9EFB-7F0708CC8CCD}.Debug|x64.ActiveCfg = Debug|Any CPU
		{A8900C57-D5BD-480F-9EFB-7F0708CC8CCD}.Debug|x64.Build.0 = Debug|Any CPU
		{A8900C57-D5BD-480F-9EFB-7F0708CC8CCD}.Debug|x86.ActiveCfg = Debug|Any CPU
		{A8900C57-D5BD-480F-9EFB-7F0708CC8CCD}.Debug|x86.Build.0 = Debug|Any CPU
		{A8900C57-D5BD-480F-9EFB-7F0708CC8CCD}.Release|Any CPU.ActiveCfg = Release|Any CPU
		{A8900C57-D5BD-480F-9EFB-7F0708CC8CCD}.Release|Any CPU.Build.0 = Release|Any CPU
		{A8900C57-D5BD-480F-9EFB-7F0708CC8CCD}.Release|ARM.ActiveCfg = Release|Any CPU
		{A8900C57-D5BD-480F-9EFB-7F0708CC8CCD}.Release|ARM.Build.0 = Release|Any CPU
		{A8900C57-D5BD-480F-9EFB-7F0708CC8CCD}.Release|ARM64.ActiveCfg = Release|Any CPU
		{A8900C57-D5BD-480F-9EFB-7F0708CC8CCD}.Release|ARM64.Build.0 = Release|Any CPU
		{A8900C57-D5BD-480F-9EFB-7F0708CC8CCD}.Release|x64.ActiveCfg = Release|Any CPU
		{A8900C57-D5BD-480F-9EFB-7F0708CC8CCD}.Release|x64.Build.0 = Release|Any CPU
		{A8900C57-D5BD-480F-9EFB-7F0708CC8CCD}.Release|x86.ActiveCfg = Release|Any CPU
		{A8900C57-D5BD-480F-9EFB-7F0708CC8CCD}.Release|x86.Build.0 = Release|Any CPU
		{FB88520B-BF56-420E-B12B-2081B39BAE50}.Debug|Any CPU.ActiveCfg = Debug|Any CPU
		{FB88520B-BF56-420E-B12B-2081B39BAE50}.Debug|Any CPU.Build.0 = Debug|Any CPU
		{FB88520B-BF56-420E-B12B-2081B39BAE50}.Debug|ARM.ActiveCfg = Debug|Any CPU
		{FB88520B-BF56-420E-B12B-2081B39BAE50}.Debug|ARM.Build.0 = Debug|Any CPU
		{FB88520B-BF56-420E-B12B-2081B39BAE50}.Debug|ARM64.ActiveCfg = Debug|Any CPU
		{FB88520B-BF56-420E-B12B-2081B39BAE50}.Debug|ARM64.Build.0 = Debug|Any CPU
		{FB88520B-BF56-420E-B12B-2081B39BAE50}.Debug|x64.ActiveCfg = Debug|Any CPU
		{FB88520B-BF56-420E-B12B-2081B39BAE50}.Debug|x64.Build.0 = Debug|Any CPU
		{FB88520B-BF56-420E-B12B-2081B39BAE50}.Debug|x86.ActiveCfg = Debug|Any CPU
		{FB88520B-BF56-420E-B12B-2081B39BAE50}.Debug|x86.Build.0 = Debug|Any CPU
		{FB88520B-BF56-420E-B12B-2081B39BAE50}.Release|Any CPU.ActiveCfg = Release|Any CPU
		{FB88520B-BF56-420E-B12B-2081B39BAE50}.Release|Any CPU.Build.0 = Release|Any CPU
		{FB88520B-BF56-420E-B12B-2081B39BAE50}.Release|ARM.ActiveCfg = Release|Any CPU
		{FB88520B-BF56-420E-B12B-2081B39BAE50}.Release|ARM.Build.0 = Release|Any CPU
		{FB88520B-BF56-420E-B12B-2081B39BAE50}.Release|ARM64.ActiveCfg = Release|Any CPU
		{FB88520B-BF56-420E-B12B-2081B39BAE50}.Release|ARM64.Build.0 = Release|Any CPU
		{FB88520B-BF56-420E-B12B-2081B39BAE50}.Release|x64.ActiveCfg = Release|Any CPU
		{FB88520B-BF56-420E-B12B-2081B39BAE50}.Release|x64.Build.0 = Release|Any CPU
		{FB88520B-BF56-420E-B12B-2081B39BAE50}.Release|x86.ActiveCfg = Release|Any CPU
		{FB88520B-BF56-420E-B12B-2081B39BAE50}.Release|x86.Build.0 = Release|Any CPU
		{89FEFE19-EDC2-4976-A6C0-504A045C0B0F}.Debug|Any CPU.ActiveCfg = Debug|Any CPU
		{89FEFE19-EDC2-4976-A6C0-504A045C0B0F}.Debug|Any CPU.Build.0 = Debug|Any CPU
		{89FEFE19-EDC2-4976-A6C0-504A045C0B0F}.Debug|ARM.ActiveCfg = Debug|Any CPU
		{89FEFE19-EDC2-4976-A6C0-504A045C0B0F}.Debug|ARM.Build.0 = Debug|Any CPU
		{89FEFE19-EDC2-4976-A6C0-504A045C0B0F}.Debug|ARM64.ActiveCfg = Debug|Any CPU
		{89FEFE19-EDC2-4976-A6C0-504A045C0B0F}.Debug|ARM64.Build.0 = Debug|Any CPU
		{89FEFE19-EDC2-4976-A6C0-504A045C0B0F}.Debug|x64.ActiveCfg = Debug|Any CPU
		{89FEFE19-EDC2-4976-A6C0-504A045C0B0F}.Debug|x64.Build.0 = Debug|Any CPU
		{89FEFE19-EDC2-4976-A6C0-504A045C0B0F}.Debug|x86.ActiveCfg = Debug|Any CPU
		{89FEFE19-EDC2-4976-A6C0-504A045C0B0F}.Debug|x86.Build.0 = Debug|Any CPU
		{89FEFE19-EDC2-4976-A6C0-504A045C0B0F}.Release|Any CPU.ActiveCfg = Release|Any CPU
		{89FEFE19-EDC2-4976-A6C0-504A045C0B0F}.Release|Any CPU.Build.0 = Release|Any CPU
		{89FEFE19-EDC2-4976-A6C0-504A045C0B0F}.Release|ARM.ActiveCfg = Release|Any CPU
		{89FEFE19-EDC2-4976-A6C0-504A045C0B0F}.Release|ARM.Build.0 = Release|Any CPU
		{89FEFE19-EDC2-4976-A6C0-504A045C0B0F}.Release|ARM64.ActiveCfg = Release|Any CPU
		{89FEFE19-EDC2-4976-A6C0-504A045C0B0F}.Release|ARM64.Build.0 = Release|Any CPU
		{89FEFE19-EDC2-4976-A6C0-504A045C0B0F}.Release|x64.ActiveCfg = Release|Any CPU
		{89FEFE19-EDC2-4976-A6C0-504A045C0B0F}.Release|x64.Build.0 = Release|Any CPU
		{89FEFE19-EDC2-4976-A6C0-504A045C0B0F}.Release|x86.ActiveCfg = Release|Any CPU
		{89FEFE19-EDC2-4976-A6C0-504A045C0B0F}.Release|x86.Build.0 = Release|Any CPU
		{F56845C5-7C2B-489C-96F9-0EEAC1C99C30}.Debug|Any CPU.ActiveCfg = Debug|Any CPU
		{F56845C5-7C2B-489C-96F9-0EEAC1C99C30}.Debug|Any CPU.Build.0 = Debug|Any CPU
		{F56845C5-7C2B-489C-96F9-0EEAC1C99C30}.Debug|ARM.ActiveCfg = Debug|Any CPU
		{F56845C5-7C2B-489C-96F9-0EEAC1C99C30}.Debug|ARM.Build.0 = Debug|Any CPU
		{F56845C5-7C2B-489C-96F9-0EEAC1C99C30}.Debug|ARM64.ActiveCfg = Debug|Any CPU
		{F56845C5-7C2B-489C-96F9-0EEAC1C99C30}.Debug|ARM64.Build.0 = Debug|Any CPU
		{F56845C5-7C2B-489C-96F9-0EEAC1C99C30}.Debug|x64.ActiveCfg = Debug|Any CPU
		{F56845C5-7C2B-489C-96F9-0EEAC1C99C30}.Debug|x64.Build.0 = Debug|Any CPU
		{F56845C5-7C2B-489C-96F9-0EEAC1C99C30}.Debug|x86.ActiveCfg = Debug|Any CPU
		{F56845C5-7C2B-489C-96F9-0EEAC1C99C30}.Debug|x86.Build.0 = Debug|Any CPU
		{F56845C5-7C2B-489C-96F9-0EEAC1C99C30}.Release|Any CPU.ActiveCfg = Release|Any CPU
		{F56845C5-7C2B-489C-96F9-0EEAC1C99C30}.Release|Any CPU.Build.0 = Release|Any CPU
		{F56845C5-7C2B-489C-96F9-0EEAC1C99C30}.Release|ARM.ActiveCfg = Release|Any CPU
		{F56845C5-7C2B-489C-96F9-0EEAC1C99C30}.Release|ARM.Build.0 = Release|Any CPU
		{F56845C5-7C2B-489C-96F9-0EEAC1C99C30}.Release|ARM64.ActiveCfg = Release|Any CPU
		{F56845C5-7C2B-489C-96F9-0EEAC1C99C30}.Release|ARM64.Build.0 = Release|Any CPU
		{F56845C5-7C2B-489C-96F9-0EEAC1C99C30}.Release|x64.ActiveCfg = Release|Any CPU
		{F56845C5-7C2B-489C-96F9-0EEAC1C99C30}.Release|x64.Build.0 = Release|Any CPU
		{F56845C5-7C2B-489C-96F9-0EEAC1C99C30}.Release|x86.ActiveCfg = Release|Any CPU
		{F56845C5-7C2B-489C-96F9-0EEAC1C99C30}.Release|x86.Build.0 = Release|Any CPU
		{790882CB-4A02-44CB-8E22-A6B338E2EED1}.Debug|Any CPU.ActiveCfg = Debug|Any CPU
		{790882CB-4A02-44CB-8E22-A6B338E2EED1}.Debug|Any CPU.Build.0 = Debug|Any CPU
		{790882CB-4A02-44CB-8E22-A6B338E2EED1}.Debug|ARM.ActiveCfg = Debug|Any CPU
		{790882CB-4A02-44CB-8E22-A6B338E2EED1}.Debug|ARM.Build.0 = Debug|Any CPU
		{790882CB-4A02-44CB-8E22-A6B338E2EED1}.Debug|ARM64.ActiveCfg = Debug|Any CPU
		{790882CB-4A02-44CB-8E22-A6B338E2EED1}.Debug|ARM64.Build.0 = Debug|Any CPU
		{790882CB-4A02-44CB-8E22-A6B338E2EED1}.Debug|x64.ActiveCfg = Debug|Any CPU
		{790882CB-4A02-44CB-8E22-A6B338E2EED1}.Debug|x64.Build.0 = Debug|Any CPU
		{790882CB-4A02-44CB-8E22-A6B338E2EED1}.Debug|x86.ActiveCfg = Debug|Any CPU
		{790882CB-4A02-44CB-8E22-A6B338E2EED1}.Debug|x86.Build.0 = Debug|Any CPU
		{790882CB-4A02-44CB-8E22-A6B338E2EED1}.Release|Any CPU.ActiveCfg = Release|Any CPU
		{790882CB-4A02-44CB-8E22-A6B338E2EED1}.Release|Any CPU.Build.0 = Release|Any CPU
		{790882CB-4A02-44CB-8E22-A6B338E2EED1}.Release|ARM.ActiveCfg = Release|Any CPU
		{790882CB-4A02-44CB-8E22-A6B338E2EED1}.Release|ARM.Build.0 = Release|Any CPU
		{790882CB-4A02-44CB-8E22-A6B338E2EED1}.Release|ARM64.ActiveCfg = Release|Any CPU
		{790882CB-4A02-44CB-8E22-A6B338E2EED1}.Release|ARM64.Build.0 = Release|Any CPU
		{790882CB-4A02-44CB-8E22-A6B338E2EED1}.Release|x64.ActiveCfg = Release|Any CPU
		{790882CB-4A02-44CB-8E22-A6B338E2EED1}.Release|x64.Build.0 = Release|Any CPU
		{790882CB-4A02-44CB-8E22-A6B338E2EED1}.Release|x86.ActiveCfg = Release|Any CPU
		{790882CB-4A02-44CB-8E22-A6B338E2EED1}.Release|x86.Build.0 = Release|Any CPU
	EndGlobalSection
	GlobalSection(SolutionProperties) = preSolution
		HideSolutionNode = FALSE
	EndGlobalSection
	GlobalSection(NestedProjects) = preSolution
		{A8060224-A212-4E86-99F0-5DECF5471009} = {C9FFA6A0-CDD0-412A-B996-B9A88BCEB290}
		{A8900C57-D5BD-480F-9EFB-7F0708CC8CCD} = {FF1512FC-E631-44E0-8DD0-96076A8654D6}
		{FB88520B-BF56-420E-B12B-2081B39BAE50} = {EBC964FC-49CB-490F-B7EE-86BD79D43EA9}
		{89FEFE19-EDC2-4976-A6C0-504A045C0B0F} = {60363FAF-D926-479A-A1FD-B3AB2F4F3A05}
		{F56845C5-7C2B-489C-96F9-0EEAC1C99C30} = {60363FAF-D926-479A-A1FD-B3AB2F4F3A05}
		{790882CB-4A02-44CB-8E22-A6B338E2EED1} = {06567AC9-7551-4947-9CBB-EEA018DACBDA}
	EndGlobalSection
	GlobalSection(ExtensibilityGlobals) = postSolution
		SolutionGuid = {669B307E-20AD-47C8-AA8C-64B7B2ED4FE6}
	EndGlobalSection
EndGlobal
